// !$*UTF8*$!
{
	archiveVersion = 1;
	classes = {
	};
	objectVersion = 55;
	objects = {

/* Begin PBXBuildFile section */
		2E3B0220281AA22C0008DF34 /* FavouriteViewController.swift in Sources */ = {isa = PBXBuildFile; fileRef = 2E3B021F281AA22C0008DF34 /* FavouriteViewController.swift */; };
		2E42DEB6283662D300C24B59 /* FavouriteInteractor.swift in Sources */ = {isa = PBXBuildFile; fileRef = 2E42DEB5283662D300C24B59 /* FavouriteInteractor.swift */; };
		2E42DEB8283665B500C24B59 /* FavouritePresenter.swift in Sources */ = {isa = PBXBuildFile; fileRef = 2E42DEB7283665B500C24B59 /* FavouritePresenter.swift */; };
		2E42DEBA283667A400C24B59 /* HomeRouter.swift in Sources */ = {isa = PBXBuildFile; fileRef = 2E42DEB9283667A400C24B59 /* HomeRouter.swift */; };
		2E42DEBC28366DE400C24B59 /* FavouriteRouter.swift in Sources */ = {isa = PBXBuildFile; fileRef = 2E42DEBB28366DE400C24B59 /* FavouriteRouter.swift */; };
		2E42DEBF2836786500C24B59 /* DetailRouter.swift in Sources */ = {isa = PBXBuildFile; fileRef = 2E42DEBE2836786500C24B59 /* DetailRouter.swift */; };
		2E8A6AE4282922AC00D1C657 /* CDAstro+CoreDataClass.swift in Sources */ = {isa = PBXBuildFile; fileRef = 2E8A6AE2282922AC00D1C657 /* CDAstro+CoreDataClass.swift */; };
		2E8A6AE5282922AC00D1C657 /* CDAstro+CoreDataProperties.swift in Sources */ = {isa = PBXBuildFile; fileRef = 2E8A6AE3282922AC00D1C657 /* CDAstro+CoreDataProperties.swift */; };
		2E8BD421282553E0000097ED /* bookapp.xcdatamodeld in Sources */ = {isa = PBXBuildFile; fileRef = 2E8BD41F282553E0000097ED /* bookapp.xcdatamodeld */; };
		2EADC3902816735000344B14 /* AppDelegate.swift in Sources */ = {isa = PBXBuildFile; fileRef = 2EADC38F2816735000344B14 /* AppDelegate.swift */; };
		2EADC3922816735000344B14 /* SceneDelegate.swift in Sources */ = {isa = PBXBuildFile; fileRef = 2EADC3912816735000344B14 /* SceneDelegate.swift */; };
		2EADC3942816735000344B14 /* ViewController.swift in Sources */ = {isa = PBXBuildFile; fileRef = 2EADC3932816735000344B14 /* ViewController.swift */; };
		2EADC3972816735000344B14 /* Main.storyboard in Resources */ = {isa = PBXBuildFile; fileRef = 2EADC3952816735000344B14 /* Main.storyboard */; };
		2EADC3992816735300344B14 /* Assets.xcassets in Resources */ = {isa = PBXBuildFile; fileRef = 2EADC3982816735300344B14 /* Assets.xcassets */; };
		2EADC39C2816735300344B14 /* LaunchScreen.storyboard in Resources */ = {isa = PBXBuildFile; fileRef = 2EADC39A2816735300344B14 /* LaunchScreen.storyboard */; };
		2EADC3A42816751100344B14 /* MainViewController.swift in Sources */ = {isa = PBXBuildFile; fileRef = 2EADC3A32816751100344B14 /* MainViewController.swift */; };
		2EADC3A62816752400344B14 /* DetailViewController.swift in Sources */ = {isa = PBXBuildFile; fileRef = 2EADC3A52816752400344B14 /* DetailViewController.swift */; };
		2EADC3AB28167B5A00344B14 /* BookTableViewCell.swift in Sources */ = {isa = PBXBuildFile; fileRef = 2EADC3A928167B5A00344B14 /* BookTableViewCell.swift */; };
		2EADC3AC28167B5A00344B14 /* BookTableViewCell.xib in Resources */ = {isa = PBXBuildFile; fileRef = 2EADC3AA28167B5A00344B14 /* BookTableViewCell.xib */; };
		2EADC3AE2816808500344B14 /* Book.swift in Sources */ = {isa = PBXBuildFile; fileRef = 2EADC3AD2816808500344B14 /* Book.swift */; };
		2EADC3B0281680CE00344B14 /* BookApi.swift in Sources */ = {isa = PBXBuildFile; fileRef = 2EADC3AF281680CE00344B14 /* BookApi.swift */; };
		2EB1E22D2833E087007438A0 /* HomeWorker.swift in Sources */ = {isa = PBXBuildFile; fileRef = 2EB1E22C2833E087007438A0 /* HomeWorker.swift */; };
		2EBF127D2834C38000F67532 /* HomeInteractor.swift in Sources */ = {isa = PBXBuildFile; fileRef = 2EBF127C2834C38000F67532 /* HomeInteractor.swift */; };
		2EBF127F2834C40100F67532 /* HomePresenter.swift in Sources */ = {isa = PBXBuildFile; fileRef = 2EBF127E2834C40100F67532 /* HomePresenter.swift */; };
		AA54D7110C97FFEA41AC8809 /* Pods_bookapp.framework in Frameworks */ = {isa = PBXBuildFile; fileRef = 9B04295978F7244C3974EACC /* Pods_bookapp.framework */; };
/* End PBXBuildFile section */

/* Begin PBXFileReference section */
		2E3B021F281AA22C0008DF34 /* FavouriteViewController.swift */ = {isa = PBXFileReference; lastKnownFileType = sourcecode.swift; path = FavouriteViewController.swift; sourceTree = "<group>"; };
		2E42DEB5283662D300C24B59 /* FavouriteInteractor.swift */ = {isa = PBXFileReference; lastKnownFileType = sourcecode.swift; path = FavouriteInteractor.swift; sourceTree = "<group>"; };
		2E42DEB7283665B500C24B59 /* FavouritePresenter.swift */ = {isa = PBXFileReference; lastKnownFileType = sourcecode.swift; path = FavouritePresenter.swift; sourceTree = "<group>"; };
		2E42DEB9283667A400C24B59 /* HomeRouter.swift */ = {isa = PBXFileReference; lastKnownFileType = sourcecode.swift; path = HomeRouter.swift; sourceTree = "<group>"; };
		2E42DEBB28366DE400C24B59 /* FavouriteRouter.swift */ = {isa = PBXFileReference; lastKnownFileType = sourcecode.swift; path = FavouriteRouter.swift; sourceTree = "<group>"; };
		2E42DEBE2836786500C24B59 /* DetailRouter.swift */ = {isa = PBXFileReference; lastKnownFileType = sourcecode.swift; path = DetailRouter.swift; sourceTree = "<group>"; };
		2E8A6AE2282922AC00D1C657 /* CDAstro+CoreDataClass.swift */ = {isa = PBXFileReference; fileEncoding = 4; lastKnownFileType = sourcecode.swift; path = "CDAstro+CoreDataClass.swift"; sourceTree = "<group>"; };
		2E8A6AE3282922AC00D1C657 /* CDAstro+CoreDataProperties.swift */ = {isa = PBXFileReference; fileEncoding = 4; lastKnownFileType = sourcecode.swift; path = "CDAstro+CoreDataProperties.swift"; sourceTree = "<group>"; };
		2E8BD420282553E0000097ED /* bookapp.xcdatamodel */ = {isa = PBXFileReference; lastKnownFileType = wrapper.xcdatamodel; path = bookapp.xcdatamodel; sourceTree = "<group>"; };
		2EADC38C2816735000344B14 /* bookapp.app */ = {isa = PBXFileReference; explicitFileType = wrapper.application; includeInIndex = 0; path = bookapp.app; sourceTree = BUILT_PRODUCTS_DIR; };
		2EADC38F2816735000344B14 /* AppDelegate.swift */ = {isa = PBXFileReference; lastKnownFileType = sourcecode.swift; path = AppDelegate.swift; sourceTree = "<group>"; };
		2EADC3912816735000344B14 /* SceneDelegate.swift */ = {isa = PBXFileReference; lastKnownFileType = sourcecode.swift; path = SceneDelegate.swift; sourceTree = "<group>"; };
		2EADC3932816735000344B14 /* ViewController.swift */ = {isa = PBXFileReference; lastKnownFileType = sourcecode.swift; path = ViewController.swift; sourceTree = "<group>"; };
		2EADC3962816735000344B14 /* Base */ = {isa = PBXFileReference; lastKnownFileType = file.storyboard; name = Base; path = Base.lproj/Main.storyboard; sourceTree = "<group>"; };
		2EADC3982816735300344B14 /* Assets.xcassets */ = {isa = PBXFileReference; lastKnownFileType = folder.assetcatalog; path = Assets.xcassets; sourceTree = "<group>"; };
		2EADC39B2816735300344B14 /* Base */ = {isa = PBXFileReference; lastKnownFileType = file.storyboard; name = Base; path = Base.lproj/LaunchScreen.storyboard; sourceTree = "<group>"; };
		2EADC39D2816735300344B14 /* Info.plist */ = {isa = PBXFileReference; lastKnownFileType = text.plist.xml; path = Info.plist; sourceTree = "<group>"; };
		2EADC3A32816751100344B14 /* MainViewController.swift */ = {isa = PBXFileReference; lastKnownFileType = sourcecode.swift; path = MainViewController.swift; sourceTree = "<group>"; };
		2EADC3A52816752400344B14 /* DetailViewController.swift */ = {isa = PBXFileReference; lastKnownFileType = sourcecode.swift; path = DetailViewController.swift; sourceTree = "<group>"; };
		2EADC3A928167B5A00344B14 /* BookTableViewCell.swift */ = {isa = PBXFileReference; lastKnownFileType = sourcecode.swift; path = BookTableViewCell.swift; sourceTree = "<group>"; };
		2EADC3AA28167B5A00344B14 /* BookTableViewCell.xib */ = {isa = PBXFileReference; lastKnownFileType = file.xib; path = BookTableViewCell.xib; sourceTree = "<group>"; };
		2EADC3AD2816808500344B14 /* Book.swift */ = {isa = PBXFileReference; lastKnownFileType = sourcecode.swift; path = Book.swift; sourceTree = "<group>"; };
		2EADC3AF281680CE00344B14 /* BookApi.swift */ = {isa = PBXFileReference; lastKnownFileType = sourcecode.swift; path = BookApi.swift; sourceTree = "<group>"; };
		2EB1E22C2833E087007438A0 /* HomeWorker.swift */ = {isa = PBXFileReference; lastKnownFileType = sourcecode.swift; path = HomeWorker.swift; sourceTree = "<group>"; };
		2EBF127C2834C38000F67532 /* HomeInteractor.swift */ = {isa = PBXFileReference; lastKnownFileType = sourcecode.swift; path = HomeInteractor.swift; sourceTree = "<group>"; };
		2EBF127E2834C40100F67532 /* HomePresenter.swift */ = {isa = PBXFileReference; lastKnownFileType = sourcecode.swift; path = HomePresenter.swift; sourceTree = "<group>"; };
		9B04295978F7244C3974EACC /* Pods_bookapp.framework */ = {isa = PBXFileReference; explicitFileType = wrapper.framework; includeInIndex = 0; path = Pods_bookapp.framework; sourceTree = BUILT_PRODUCTS_DIR; };
		B08230F13504CB4977E795CD /* Pods-bookapp.debug.xcconfig */ = {isa = PBXFileReference; includeInIndex = 1; lastKnownFileType = text.xcconfig; name = "Pods-bookapp.debug.xcconfig"; path = "Target Support Files/Pods-bookapp/Pods-bookapp.debug.xcconfig"; sourceTree = "<group>"; };
		B70D032CE512C5E9038CE311 /* Pods-bookapp.release.xcconfig */ = {isa = PBXFileReference; includeInIndex = 1; lastKnownFileType = text.xcconfig; name = "Pods-bookapp.release.xcconfig"; path = "Target Support Files/Pods-bookapp/Pods-bookapp.release.xcconfig"; sourceTree = "<group>"; };
/* End PBXFileReference section */

/* Begin PBXFrameworksBuildPhase section */
		2EADC3892816735000344B14 /* Frameworks */ = {
			isa = PBXFrameworksBuildPhase;
			buildActionMask = 2147483647;
			files = (
				AA54D7110C97FFEA41AC8809 /* Pods_bookapp.framework in Frameworks */,
			);
			runOnlyForDeploymentPostprocessing = 0;
		};
/* End PBXFrameworksBuildPhase section */

/* Begin PBXGroup section */
		2E2858CB282E3A2B00C948E9 /* main */ = {
			isa = PBXGroup;
			children = (
				2EADC3A32816751100344B14 /* MainViewController.swift */,
				2EB1E22C2833E087007438A0 /* HomeWorker.swift */,
				2EBF127C2834C38000F67532 /* HomeInteractor.swift */,
				2EBF127E2834C40100F67532 /* HomePresenter.swift */,
				2E42DEB9283667A400C24B59 /* HomeRouter.swift */,
			);
			path = main;
			sourceTree = "<group>";
		};
		2E42DEB4283658EC00C24B59 /* Favourite */ = {
			isa = PBXGroup;
			children = (
				2E3B021F281AA22C0008DF34 /* FavouriteViewController.swift */,
				2E42DEB5283662D300C24B59 /* FavouriteInteractor.swift */,
				2E42DEB7283665B500C24B59 /* FavouritePresenter.swift */,
				2E42DEBB28366DE400C24B59 /* FavouriteRouter.swift */,
			);
			path = Favourite;
			sourceTree = "<group>";
		};
		2E42DEBD283677C100C24B59 /* Detail */ = {
			isa = PBXGroup;
			children = (
				2EADC3A52816752400344B14 /* DetailViewController.swift */,
				2E42DEBE2836786500C24B59 /* DetailRouter.swift */,
			);
			path = Detail;
			sourceTree = "<group>";
		};
		2E8A6AE1282922AC00D1C657 /* model schema */ = {
			isa = PBXGroup;
			children = (
				2E8A6AE2282922AC00D1C657 /* CDAstro+CoreDataClass.swift */,
				2E8A6AE3282922AC00D1C657 /* CDAstro+CoreDataProperties.swift */,
			);
			path = "model schema";
			sourceTree = "<group>";
		};
		2EA5B341282E420900931822 /* BookTableViewCell */ = {
			isa = PBXGroup;
			children = (
				2EADC3A928167B5A00344B14 /* BookTableViewCell.swift */,
				2EADC3AA28167B5A00344B14 /* BookTableViewCell.xib */,
			);
			path = BookTableViewCell;
			sourceTree = "<group>";
		};
		2EADC3832816735000344B14 = {
			isa = PBXGroup;
			children = (
				2EADC38E2816735000344B14 /* bookapp */,
				2EADC38D2816735000344B14 /* Products */,
				999E6E7CCB809599D75C6BD0 /* Pods */,
				E680F6D1DF14ECF9C1368E1E /* Frameworks */,
			);
			sourceTree = "<group>";
		};
		2EADC38D2816735000344B14 /* Products */ = {
			isa = PBXGroup;
			children = (
				2EADC38C2816735000344B14 /* bookapp.app */,
			);
			name = Products;
			sourceTree = "<group>";
		};
		2EADC38E2816735000344B14 /* bookapp */ = {
			isa = PBXGroup;
			children = (
				2E42DEBD283677C100C24B59 /* Detail */,
				2E42DEB4283658EC00C24B59 /* Favourite */,
				2EA5B341282E420900931822 /* BookTableViewCell */,
				2E2858CB282E3A2B00C948E9 /* main */,
				2E8A6AE1282922AC00D1C657 /* model schema */,
				2EADC38F2816735000344B14 /* AppDelegate.swift */,
				2EADC3912816735000344B14 /* SceneDelegate.swift */,
				2EADC3932816735000344B14 /* ViewController.swift */,
				2EADC3952816735000344B14 /* Main.storyboard */,
				2EADC3982816735300344B14 /* Assets.xcassets */,
				2EADC39A2816735300344B14 /* LaunchScreen.storyboard */,
				2EADC39D2816735300344B14 /* Info.plist */,
				2EADC3AD2816808500344B14 /* Book.swift */,
				2EADC3AF281680CE00344B14 /* BookApi.swift */,
				2E8BD41F282553E0000097ED /* bookapp.xcdatamodeld */,
			);
			path = bookapp;
			sourceTree = "<group>";
		};
		999E6E7CCB809599D75C6BD0 /* Pods */ = {
			isa = PBXGroup;
			children = (
				B08230F13504CB4977E795CD /* Pods-bookapp.debug.xcconfig */,
				B70D032CE512C5E9038CE311 /* Pods-bookapp.release.xcconfig */,
			);
			path = Pods;
			sourceTree = "<group>";
		};
		E680F6D1DF14ECF9C1368E1E /* Frameworks */ = {
			isa = PBXGroup;
			children = (
				9B04295978F7244C3974EACC /* Pods_bookapp.framework */,
			);
			name = Frameworks;
			sourceTree = "<group>";
		};
/* End PBXGroup section */

/* Begin PBXNativeTarget section */
		2EADC38B2816735000344B14 /* bookapp */ = {
			isa = PBXNativeTarget;
			buildConfigurationList = 2EADC3A02816735300344B14 /* Build configuration list for PBXNativeTarget "bookapp" */;
			buildPhases = (
				7072D7E98430DDE0B51C2CEF /* [CP] Check Pods Manifest.lock */,
				2EADC3882816735000344B14 /* Sources */,
				2EADC3892816735000344B14 /* Frameworks */,
				2EADC38A2816735000344B14 /* Resources */,
				F228F531A48377041773B83F /* [CP] Embed Pods Frameworks */,
			);
			buildRules = (
			);
			dependencies = (
			);
			name = bookapp;
			productName = bookapp;
			productReference = 2EADC38C2816735000344B14 /* bookapp.app */;
			productType = "com.apple.product-type.application";
		};
/* End PBXNativeTarget section */

/* Begin PBXProject section */
		2EADC3842816735000344B14 /* Project object */ = {
			isa = PBXProject;
			attributes = {
				BuildIndependentTargetsInParallel = 1;
				LastSwiftUpdateCheck = 1330;
				LastUpgradeCheck = 1330;
				TargetAttributes = {
					2EADC38B2816735000344B14 = {
						CreatedOnToolsVersion = 13.3.1;
					};
				};
			};
			buildConfigurationList = 2EADC3872816735000344B14 /* Build configuration list for PBXProject "bookapp" */;
			compatibilityVersion = "Xcode 13.0";
			developmentRegion = en;
			hasScannedForEncodings = 0;
			knownRegions = (
				en,
				Base,
			);
			mainGroup = 2EADC3832816735000344B14;
			productRefGroup = 2EADC38D2816735000344B14 /* Products */;
			projectDirPath = "";
			projectRoot = "";
			targets = (
				2EADC38B2816735000344B14 /* bookapp */,
			);
		};
/* End PBXProject section */

/* Begin PBXResourcesBuildPhase section */
		2EADC38A2816735000344B14 /* Resources */ = {
			isa = PBXResourcesBuildPhase;
			buildActionMask = 2147483647;
			files = (
				2EADC3AC28167B5A00344B14 /* BookTableViewCell.xib in Resources */,
				2EADC39C2816735300344B14 /* LaunchScreen.storyboard in Resources */,
				2EADC3992816735300344B14 /* Assets.xcassets in Resources */,
				2EADC3972816735000344B14 /* Main.storyboard in Resources */,
			);
			runOnlyForDeploymentPostprocessing = 0;
		};
/* End PBXResourcesBuildPhase section */

/* Begin PBXShellScriptBuildPhase section */
		7072D7E98430DDE0B51C2CEF /* [CP] Check Pods Manifest.lock */ = {
			isa = PBXShellScriptBuildPhase;
			buildActionMask = 2147483647;
			files = (
			);
			inputFileListPaths = (
			);
			inputPaths = (
				"${PODS_PODFILE_DIR_PATH}/Podfile.lock",
				"${PODS_ROOT}/Manifest.lock",
			);
			name = "[CP] Check Pods Manifest.lock";
			outputFileListPaths = (
			);
			outputPaths = (
				"$(DERIVED_FILE_DIR)/Pods-bookapp-checkManifestLockResult.txt",
			);
			runOnlyForDeploymentPostprocessing = 0;
			shellPath = /bin/sh;
			shellScript = "diff \"${PODS_PODFILE_DIR_PATH}/Podfile.lock\" \"${PODS_ROOT}/Manifest.lock\" > /dev/null\nif [ $? != 0 ] ; then\n    # print error to STDERR\n    echo \"error: The sandbox is not in sync with the Podfile.lock. Run 'pod install' or update your CocoaPods installation.\" >&2\n    exit 1\nfi\n# This output is used by Xcode 'outputs' to avoid re-running this script phase.\necho \"SUCCESS\" > \"${SCRIPT_OUTPUT_FILE_0}\"\n";
			showEnvVarsInLog = 0;
		};
		F228F531A48377041773B83F /* [CP] Embed Pods Frameworks */ = {
			isa = PBXShellScriptBuildPhase;
			buildActionMask = 2147483647;
			files = (
			);
			inputFileListPaths = (
				"${PODS_ROOT}/Target Support Files/Pods-bookapp/Pods-bookapp-frameworks-${CONFIGURATION}-input-files.xcfilelist",
			);
			name = "[CP] Embed Pods Frameworks";
			outputFileListPaths = (
				"${PODS_ROOT}/Target Support Files/Pods-bookapp/Pods-bookapp-frameworks-${CONFIGURATION}-output-files.xcfilelist",
			);
			runOnlyForDeploymentPostprocessing = 0;
			shellPath = /bin/sh;
			shellScript = "\"${PODS_ROOT}/Target Support Files/Pods-bookapp/Pods-bookapp-frameworks.sh\"\n";
			showEnvVarsInLog = 0;
		};
/* End PBXShellScriptBuildPhase section */

/* Begin PBXSourcesBuildPhase section */
		2EADC3882816735000344B14 /* Sources */ = {
			isa = PBXSourcesBuildPhase;
			buildActionMask = 2147483647;
			files = (
				2EADC3942816735000344B14 /* ViewController.swift in Sources */,
				2EADC3902816735000344B14 /* AppDelegate.swift in Sources */,
				2EADC3AE2816808500344B14 /* Book.swift in Sources */,
				2EBF127F2834C40100F67532 /* HomePresenter.swift in Sources */,
				2E42DEB6283662D300C24B59 /* FavouriteInteractor.swift in Sources */,
				2E42DEBF2836786500C24B59 /* DetailRouter.swift in Sources */,
				2EADC3A62816752400344B14 /* DetailViewController.swift in Sources */,
				2E8A6AE5282922AC00D1C657 /* CDAstro+CoreDataProperties.swift in Sources */,
				2E42DEBA283667A400C24B59 /* HomeRouter.swift in Sources */,
				2E8A6AE4282922AC00D1C657 /* CDAstro+CoreDataClass.swift in Sources */,
				2E8BD421282553E0000097ED /* bookapp.xcdatamodeld in Sources */,
				2E3B0220281AA22C0008DF34 /* FavouriteViewController.swift in Sources */,
				2EADC3922816735000344B14 /* SceneDelegate.swift in Sources */,
				2EB1E22D2833E087007438A0 /* HomeWorker.swift in Sources */,
				2E42DEBC28366DE400C24B59 /* FavouriteRouter.swift in Sources */,
				2EADC3B0281680CE00344B14 /* BookApi.swift in Sources */,
				2E42DEB8283665B500C24B59 /* FavouritePresenter.swift in Sources */,
				2EADC3AB28167B5A00344B14 /* BookTableViewCell.swift in Sources */,
				2EADC3A42816751100344B14 /* MainViewController.swift in Sources */,
				2EBF127D2834C38000F67532 /* HomeInteractor.swift in Sources */,
			);
			runOnlyForDeploymentPostprocessing = 0;
		};
/* End PBXSourcesBuildPhase section */

/* Begin PBXVariantGroup section */
		2EADC3952816735000344B14 /* Main.storyboard */ = {
			isa = PBXVariantGroup;
			children = (
				2EADC3962816735000344B14 /* Base */,
			);
			name = Main.storyboard;
			sourceTree = "<group>";
		};
		2EADC39A2816735300344B14 /* LaunchScreen.storyboard */ = {
			isa = PBXVariantGroup;
			children = (
				2EADC39B2816735300344B14 /* Base */,
			);
			name = LaunchScreen.storyboard;
			sourceTree = "<group>";
		};
/* End PBXVariantGroup section */

/* Begin XCBuildConfiguration section */
		2EADC39E2816735300344B14 /* Debug */ = {
			isa = XCBuildConfiguration;
			buildSettings = {
				ALWAYS_SEARCH_USER_PATHS = NO;
				CLANG_ANALYZER_NONNULL = YES;
				CLANG_ANALYZER_NUMBER_OBJECT_CONVERSION = YES_AGGRESSIVE;
				CLANG_CXX_LANGUAGE_STANDARD = "gnu++17";
				CLANG_ENABLE_MODULES = YES;
				CLANG_ENABLE_OBJC_ARC = YES;
				CLANG_ENABLE_OBJC_WEAK = YES;
				CLANG_WARN_BLOCK_CAPTURE_AUTORELEASING = YES;
				CLANG_WARN_BOOL_CONVERSION = YES;
				CLANG_WARN_COMMA = YES;
				CLANG_WARN_CONSTANT_CONVERSION = YES;
				CLANG_WARN_DEPRECATED_OBJC_IMPLEMENTATIONS = YES;
				CLANG_WARN_DIRECT_OBJC_ISA_USAGE = YES_ERROR;
				CLANG_WARN_DOCUMENTATION_COMMENTS = YES;
				CLANG_WARN_EMPTY_BODY = YES;
				CLANG_WARN_ENUM_CONVERSION = YES;
				CLANG_WARN_INFINITE_RECURSION = YES;
				CLANG_WARN_INT_CONVERSION = YES;
				CLANG_WARN_NON_LITERAL_NULL_CONVERSION = YES;
				CLANG_WARN_OBJC_IMPLICIT_RETAIN_SELF = YES;
				CLANG_WARN_OBJC_LITERAL_CONVERSION = YES;
				CLANG_WARN_OBJC_ROOT_CLASS = YES_ERROR;
				CLANG_WARN_QUOTED_INCLUDE_IN_FRAMEWORK_HEADER = YES;
				CLANG_WARN_RANGE_LOOP_ANALYSIS = YES;
				CLANG_WARN_STRICT_PROTOTYPES = YES;
				CLANG_WARN_SUSPICIOUS_MOVE = YES;
				CLANG_WARN_UNGUARDED_AVAILABILITY = YES_AGGRESSIVE;
				CLANG_WARN_UNREACHABLE_CODE = YES;
				CLANG_WARN__DUPLICATE_METHOD_MATCH = YES;
				COPY_PHASE_STRIP = NO;
				DEBUG_INFORMATION_FORMAT = dwarf;
				ENABLE_STRICT_OBJC_MSGSEND = YES;
				ENABLE_TESTABILITY = YES;
				GCC_C_LANGUAGE_STANDARD = gnu11;
				GCC_DYNAMIC_NO_PIC = NO;
				GCC_NO_COMMON_BLOCKS = YES;
				GCC_OPTIMIZATION_LEVEL = 0;
				GCC_PREPROCESSOR_DEFINITIONS = (
					"DEBUG=1",
					"$(inherited)",
				);
				GCC_WARN_64_TO_32_BIT_CONVERSION = YES;
				GCC_WARN_ABOUT_RETURN_TYPE = YES_ERROR;
				GCC_WARN_UNDECLARED_SELECTOR = YES;
				GCC_WARN_UNINITIALIZED_AUTOS = YES_AGGRESSIVE;
				GCC_WARN_UNUSED_FUNCTION = YES;
				GCC_WARN_UNUSED_VARIABLE = YES;
				IPHONEOS_DEPLOYMENT_TARGET = 15.4;
				MTL_ENABLE_DEBUG_INFO = INCLUDE_SOURCE;
				MTL_FAST_MATH = YES;
				ONLY_ACTIVE_ARCH = YES;
				SDKROOT = iphoneos;
				SWIFT_ACTIVE_COMPILATION_CONDITIONS = DEBUG;
				SWIFT_OPTIMIZATION_LEVEL = "-Onone";
			};
			name = Debug;
		};
		2EADC39F2816735300344B14 /* Release */ = {
			isa = XCBuildConfiguration;
			buildSettings = {
				ALWAYS_SEARCH_USER_PATHS = NO;
				CLANG_ANALYZER_NONNULL = YES;
				CLANG_ANALYZER_NUMBER_OBJECT_CONVERSION = YES_AGGRESSIVE;
				CLANG_CXX_LANGUAGE_STANDARD = "gnu++17";
				CLANG_ENABLE_MODULES = YES;
				CLANG_ENABLE_OBJC_ARC = YES;
				CLANG_ENABLE_OBJC_WEAK = YES;
				CLANG_WARN_BLOCK_CAPTURE_AUTORELEASING = YES;
				CLANG_WARN_BOOL_CONVERSION = YES;
				CLANG_WARN_COMMA = YES;
				CLANG_WARN_CONSTANT_CONVERSION = YES;
				CLANG_WARN_DEPRECATED_OBJC_IMPLEMENTATIONS = YES;
				CLANG_WARN_DIRECT_OBJC_ISA_USAGE = YES_ERROR;
				CLANG_WARN_DOCUMENTATION_COMMENTS = YES;
				CLANG_WARN_EMPTY_BODY = YES;
				CLANG_WARN_ENUM_CONVERSION = YES;
				CLANG_WARN_INFINITE_RECURSION = YES;
				CLANG_WARN_INT_CONVERSION = YES;
				CLANG_WARN_NON_LITERAL_NULL_CONVERSION = YES;
				CLANG_WARN_OBJC_IMPLICIT_RETAIN_SELF = YES;
				CLANG_WARN_OBJC_LITERAL_CONVERSION = YES;
				CLANG_WARN_OBJC_ROOT_CLASS = YES_ERROR;
				CLANG_WARN_QUOTED_INCLUDE_IN_FRAMEWORK_HEADER = YES;
				CLANG_WARN_RANGE_LOOP_ANALYSIS = YES;
				CLANG_WARN_STRICT_PROTOTYPES = YES;
				CLANG_WARN_SUSPICIOUS_MOVE = YES;
				CLANG_WARN_UNGUARDED_AVAILABILITY = YES_AGGRESSIVE;
				CLANG_WARN_UNREACHABLE_CODE = YES;
				CLANG_WARN__DUPLICATE_METHOD_MATCH = YES;
				COPY_PHASE_STRIP = NO;
				DEBUG_INFORMATION_FORMAT = "dwarf-with-dsym";
				ENABLE_NS_ASSERTIONS = NO;
				ENABLE_STRICT_OBJC_MSGSEND = YES;
				GCC_C_LANGUAGE_STANDARD = gnu11;
				GCC_NO_COMMON_BLOCKS = YES;
				GCC_WARN_64_TO_32_BIT_CONVERSION = YES;
				GCC_WARN_ABOUT_RETURN_TYPE = YES_ERROR;
				GCC_WARN_UNDECLARED_SELECTOR = YES;
				GCC_WARN_UNINITIALIZED_AUTOS = YES_AGGRESSIVE;
				GCC_WARN_UNUSED_FUNCTION = YES;
				GCC_WARN_UNUSED_VARIABLE = YES;
				IPHONEOS_DEPLOYMENT_TARGET = 15.4;
				MTL_ENABLE_DEBUG_INFO = NO;
				MTL_FAST_MATH = YES;
				SDKROOT = iphoneos;
				SWIFT_COMPILATION_MODE = wholemodule;
				SWIFT_OPTIMIZATION_LEVEL = "-O";
				VALIDATE_PRODUCT = YES;
			};
			name = Release;
		};
		2EADC3A12816735300344B14 /* Debug */ = {
			isa = XCBuildConfiguration;
			baseConfigurationReference = B08230F13504CB4977E795CD /* Pods-bookapp.debug.xcconfig */;
			buildSettings = {
				ASSETCATALOG_COMPILER_APPICON_NAME = AppIcon;
				ASSETCATALOG_COMPILER_GLOBAL_ACCENT_COLOR_NAME = AccentColor;
				CODE_SIGN_STYLE = Automatic;
				CURRENT_PROJECT_VERSION = 1;
				DEVELOPMENT_TEAM = 7QUCRY26FV;
				GENERATE_INFOPLIST_FILE = YES;
				INFOPLIST_FILE = bookapp/Info.plist;
				INFOPLIST_KEY_UIApplicationSupportsIndirectInputEvents = YES;
				INFOPLIST_KEY_UILaunchStoryboardName = LaunchScreen;
				INFOPLIST_KEY_UIMainStoryboardFile = Main;
				INFOPLIST_KEY_UISupportedInterfaceOrientations_iPad = "UIInterfaceOrientationPortrait UIInterfaceOrientationPortraitUpsideDown UIInterfaceOrientationLandscapeLeft UIInterfaceOrientationLandscapeRight";
				INFOPLIST_KEY_UISupportedInterfaceOrientations_iPhone = "UIInterfaceOrientationPortrait UIInterfaceOrientationLandscapeLeft UIInterfaceOrientationLandscapeRight";
				LD_RUNPATH_SEARCH_PATHS = (
					"$(inherited)",
					"@executable_path/Frameworks",
				);
				MARKETING_VERSION = 1.0;
				PRODUCT_BUNDLE_IDENTIFIER = hashirshoaeb.bookapp;
				PRODUCT_NAME = "$(TARGET_NAME)";
				SWIFT_EMIT_LOC_STRINGS = YES;
				SWIFT_VERSION = 5.0;
				TARGETED_DEVICE_FAMILY = "1,2";
			};
			name = Debug;
		};
		2EADC3A22816735300344B14 /* Release */ = {
			isa = XCBuildConfiguration;
			baseConfigurationReference = B70D032CE512C5E9038CE311 /* Pods-bookapp.release.xcconfig */;
			buildSettings = {
				ASSETCATALOG_COMPILER_APPICON_NAME = AppIcon;
				ASSETCATALOG_COMPILER_GLOBAL_ACCENT_COLOR_NAME = AccentColor;
				CODE_SIGN_STYLE = Automatic;
				CURRENT_PROJECT_VERSION = 1;
				DEVELOPMENT_TEAM = 7QUCRY26FV;
				GENERATE_INFOPLIST_FILE = YES;
				INFOPLIST_FILE = bookapp/Info.plist;
				INFOPLIST_KEY_UIApplicationSupportsIndirectInputEvents = YES;
				INFOPLIST_KEY_UILaunchStoryboardName = LaunchScreen;
				INFOPLIST_KEY_UIMainStoryboardFile = Main;
				INFOPLIST_KEY_UISupportedInterfaceOrientations_iPad = "UIInterfaceOrientationPortrait UIInterfaceOrientationPortraitUpsideDown UIInterfaceOrientationLandscapeLeft UIInterfaceOrientationLandscapeRight";
				INFOPLIST_KEY_UISupportedInterfaceOrientations_iPhone = "UIInterfaceOrientationPortrait UIInterfaceOrientationLandscapeLeft UIInterfaceOrientationLandscapeRight";
				LD_RUNPATH_SEARCH_PATHS = (
					"$(inherited)",
					"@executable_path/Frameworks",
				);
				MARKETING_VERSION = 1.0;
				PRODUCT_BUNDLE_IDENTIFIER = hashirshoaeb.bookapp;
				PRODUCT_NAME = "$(TARGET_NAME)";
				SWIFT_EMIT_LOC_STRINGS = YES;
				SWIFT_VERSION = 5.0;
				TARGETED_DEVICE_FAMILY = "1,2";
			};
			name = Release;
		};
/* End XCBuildConfiguration section */

/* Begin XCConfigurationList section */
		2EADC3872816735000344B14 /* Build configuration list for PBXProject "bookapp" */ = {
			isa = XCConfigurationList;
			buildConfigurations = (
				2EADC39E2816735300344B14 /* Debug */,
				2EADC39F2816735300344B14 /* Release */,
			);
			defaultConfigurationIsVisible = 0;
			defaultConfigurationName = Release;
		};
		2EADC3A02816735300344B14 /* Build configuration list for PBXNativeTarget "bookapp" */ = {
			isa = XCConfigurationList;
			buildConfigurations = (
				2EADC3A12816735300344B14 /* Debug */,
				2EADC3A22816735300344B14 /* Release */,
			);
			defaultConfigurationIsVisible = 0;
			defaultConfigurationName = Release;
		};
/* End XCConfigurationList section */

/* Begin XCVersionGroup section */
		2E8BD41F282553E0000097ED /* bookapp.xcdatamodeld */ = {
			isa = XCVersionGroup;
			children = (
				2E8BD420282553E0000097ED /* bookapp.xcdatamodel */,
			);
			currentVersion = 2E8BD420282553E0000097ED /* bookapp.xcdatamodel */;
			path = bookapp.xcdatamodeld;
			sourceTree = "<group>";
			versionGroupType = wrapper.xcdatamodel;
		};
/* End XCVersionGroup section */
	};
	rootObject = 2EADC3842816735000344B14 /* Project object */;
}
